
Microsoft Visual Studio Solution File, Format Version 12.00
# Visual Studio 2017
Project("{FAE04EC0-301F-11D3-BF4B-00C04F79EFBC}") = "UnityVRPractice", "UnityVRPractice.csproj", "{12BA0699-2EAB-62E9-D524-4786850A66FA}"
EndProject
Project("{FAE04EC0-301F-11D3-BF4B-00C04F79EFBC}") = "UnityVRPractice.Editor", "UnityVRPractice.Editor.csproj", "{19B253AD-931E-D0EC-8126-02CDC4ECF1E6}"
EndProject
Global
	GlobalSection(SolutionConfigurationPlatforms) = preSolution
		Debug|Any CPU = Debug|Any CPU
		Release|Any CPU = Release|Any CPU
	EndGlobalSection
	GlobalSection(ProjectConfigurationPlatforms) = postSolution
		{12BA0699-2EAB-62E9-D524-4786850A66FA}.Debug|Any CPU.ActiveCfg = Debug|Any CPU
		{12BA0699-2EAB-62E9-D524-4786850A66FA}.Debug|Any CPU.Build.0 = Debug|Any CPU
		{12BA0699-2EAB-62E9-D524-4786850A66FA}.Release|Any CPU.ActiveCfg = Release|Any CPU
		{12BA0699-2EAB-62E9-D524-4786850A66FA}.Release|Any CPU.Build.0 = Release|Any CPU
		{19B253AD-931E-D0EC-8126-02CDC4ECF1E6}.Debug|Any CPU.ActiveCfg = Debug|Any CPU
		{19B253AD-931E-D0EC-8126-02CDC4ECF1E6}.Debug|Any CPU.Build.0 = Debug|Any CPU
		{19B253AD-931E-D0EC-8126-02CDC4ECF1E6}.Release|Any CPU.ActiveCfg = Release|Any CPU
		{19B253AD-931E-D0EC-8126-02CDC4ECF1E6}.Release|Any CPU.Build.0 = Release|Any CPU
	EndGlobalSection
	GlobalSection(SolutionProperties) = preSolution
		HideSolutionNode = FALSE
	EndGlobalSection
EndGlobal
